
Microsoft Visual Studio Solution File, Format Version 12.00
# Visual Studio 2013
VisualStudioVersion = 12.0.30723.0
MinimumVisualStudioVersion = 10.0.40219.1
Project("{FAE04EC0-301F-11D3-BF4B-00C04F79EFBC}") = "FunkyDebug", "FunkyDebug\FunkyDebug.csproj", "{2D41D60B-069C-4240-869D-08DCF7FF0E26}"
EndProject
Project("{FAE04EC0-301F-11D3-BF4B-00C04F79EFBC}") = "fBaseXtensions", "fBaseXtensions\fBaseXtensions.csproj", "{9B349AF5-9A32-49A9-B815-9D2BA7BCE694}"
EndProject
Project("{FAE04EC0-301F-11D3-BF4B-00C04F79EFBC}") = "fItemPlugin", "fItemPlugin\fItemPlugin.csproj", "{0AB4160A-A6F1-4A2F-8295-E64674DF7904}"
	ProjectSection(ProjectDependencies) = postProject
		{9B349AF5-9A32-49A9-B815-9D2BA7BCE694} = {9B349AF5-9A32-49A9-B815-9D2BA7BCE694}
	EndProjectSection
EndProject
Global
	GlobalSection(SolutionConfigurationPlatforms) = preSolution
		Debug|Any CPU = Debug|Any CPU
		Debug|Mixed Platforms = Debug|Mixed Platforms
		Debug|x86 = Debug|x86
		Release|Any CPU = Release|Any CPU
		Release|Mixed Platforms = Release|Mixed Platforms
		Release|x86 = Release|x86
	EndGlobalSection
	GlobalSection(ProjectConfigurationPlatforms) = postSolution
		{2D41D60B-069C-4240-869D-08DCF7FF0E26}.Debug|Any CPU.ActiveCfg = Debug|Any CPU
		{2D41D60B-069C-4240-869D-08DCF7FF0E26}.Debug|Any CPU.Build.0 = Debug|Any CPU
		{2D41D60B-069C-4240-869D-08DCF7FF0E26}.Debug|Mixed Platforms.ActiveCfg = Debug|Any CPU
		{2D41D60B-069C-4240-869D-08DCF7FF0E26}.Debug|Mixed Platforms.Build.0 = Debug|Any CPU
		{2D41D60B-069C-4240-869D-08DCF7FF0E26}.Debug|x86.ActiveCfg = Debug|Any CPU
		{2D41D60B-069C-4240-869D-08DCF7FF0E26}.Release|Any CPU.ActiveCfg = Release|Any CPU
		{2D41D60B-069C-4240-869D-08DCF7FF0E26}.Release|Any CPU.Build.0 = Release|Any CPU
		{2D41D60B-069C-4240-869D-08DCF7FF0E26}.Release|Mixed Platforms.ActiveCfg = Release|Any CPU
		{2D41D60B-069C-4240-869D-08DCF7FF0E26}.Release|Mixed Platforms.Build.0 = Release|Any CPU
		{2D41D60B-069C-4240-869D-08DCF7FF0E26}.Release|x86.ActiveCfg = Release|Any CPU
		{9B349AF5-9A32-49A9-B815-9D2BA7BCE694}.Debug|Any CPU.ActiveCfg = Debug|Any CPU
		{9B349AF5-9A32-49A9-B815-9D2BA7BCE694}.Debug|Any CPU.Build.0 = Debug|Any CPU
		{9B349AF5-9A32-49A9-B815-9D2BA7BCE694}.Debug|Mixed Platforms.ActiveCfg = Debug|Any CPU
		{9B349AF5-9A32-49A9-B815-9D2BA7BCE694}.Debug|Mixed Platforms.Build.0 = Debug|Any CPU
		{9B349AF5-9A32-49A9-B815-9D2BA7BCE694}.Debug|x86.ActiveCfg = Debug|Any CPU
		{9B349AF5-9A32-49A9-B815-9D2BA7BCE694}.Release|Any CPU.ActiveCfg = Release|Any CPU
		{9B349AF5-9A32-49A9-B815-9D2BA7BCE694}.Release|Any CPU.Build.0 = Release|Any CPU
		{9B349AF5-9A32-49A9-B815-9D2BA7BCE694}.Release|Mixed Platforms.ActiveCfg = Release|Any CPU
		{9B349AF5-9A32-49A9-B815-9D2BA7BCE694}.Release|Mixed Platforms.Build.0 = Release|Any CPU
		{9B349AF5-9A32-49A9-B815-9D2BA7BCE694}.Release|x86.ActiveCfg = Release|Any CPU
		{0AB4160A-A6F1-4A2F-8295-E64674DF7904}.Debug|Any CPU.ActiveCfg = Debug|Any CPU
		{0AB4160A-A6F1-4A2F-8295-E64674DF7904}.Debug|Any CPU.Build.0 = Debug|Any CPU
		{0AB4160A-A6F1-4A2F-8295-E64674DF7904}.Debug|Mixed Platforms.ActiveCfg = Debug|Any CPU
		{0AB4160A-A6F1-4A2F-8295-E64674DF7904}.Debug|Mixed Platforms.Build.0 = Debug|Any CPU
		{0AB4160A-A6F1-4A2F-8295-E64674DF7904}.Debug|x86.ActiveCfg = Debug|Any CPU
		{0AB4160A-A6F1-4A2F-8295-E64674DF7904}.Release|Any CPU.ActiveCfg = Release|Any CPU
		{0AB4160A-A6F1-4A2F-8295-E64674DF7904}.Release|Any CPU.Build.0 = Release|Any CPU
		{0AB4160A-A6F1-4A2F-8295-E64674DF7904}.Release|Mixed Platforms.ActiveCfg = Release|Any CPU
		{0AB4160A-A6F1-4A2F-8295-E64674DF7904}.Release|Mixed Platforms.Build.0 = Release|Any CPU
		{0AB4160A-A6F1-4A2F-8295-E64674DF7904}.Release|x86.ActiveCfg = Release|Any CPU
	EndGlobalSection
	GlobalSection(SolutionProperties) = preSolution
		HideSolutionNode = FALSE
	EndGlobalSection
EndGlobal
